<?xml version="1.0" encoding="utf-8"?>
<Project ToolsVersion="4.0" xmlns="http://schemas.microsoft.com/developer/msbuild/2003">
  <ItemGroup>
    <ClCompile Include="..\..\..\nas2d-core\src\Common.cpp">
      <Filter>Source\NAS2D</Filter>
    </ClCompile>
    <ClCompile Include="..\..\..\nas2d-core\src\Configuration.cpp">
      <Filter>Source\NAS2D</Filter>
    </ClCompile>
    <ClCompile Include="..\..\..\nas2d-core\src\EventHandler.cpp">
      <Filter>Source\NAS2D</Filter>
    </ClCompile>
    <ClCompile Include="..\..\..\nas2d-core\src\Exception.cpp">
      <Filter>Source\NAS2D</Filter>
    </ClCompile>
    <ClCompile Include="..\..\..\nas2d-core\src\Filesystem.cpp">
      <Filter>Source\NAS2D</Filter>
    </ClCompile>
    <ClCompile Include="..\..\..\nas2d-core\src\Resources\Font.cpp">
      <Filter>Source\NAS2D</Filter>
    </ClCompile>
    <ClCompile Include="..\..\..\nas2d-core\src\FpsCounter.cpp">
      <Filter>Source\NAS2D</Filter>
    </ClCompile>
    <ClCompile Include="..\..\..\nas2d-core\src\Game.cpp">
      <Filter>Source\NAS2D</Filter>
    </ClCompile>
    <ClCompile Include="..\..\..\nas2d-core\src\Resources\Image.cpp">
      <Filter>Source\NAS2D</Filter>
    </ClCompile>
    <ClCompile Include="..\..\..\nas2d-core\src\Mixer\Mixer_SDL.cpp">
      <Filter>Source\NAS2D</Filter>
    </ClCompile>
    <ClCompile Include="..\..\..\nas2d-core\src\Resources\Music.cpp">
      <Filter>Source\NAS2D</Filter>
    </ClCompile>
    <ClCompile Include="..\..\..\nas2d-core\src\Renderer\OGL_Renderer.cpp">
      <Filter>Source\NAS2D</Filter>
    </ClCompile>
    <ClCompile Include="..\..\..\nas2d-core\src\Renderer\Primitives.cpp">
      <Filter>Source\NAS2D</Filter>
    </ClCompile>
    <ClCompile Include="..\..\..\nas2d-core\src\Renderer\Renderer.cpp">
      <Filter>Source\NAS2D</Filter>
    </ClCompile>
    <ClCompile Include="..\..\..\nas2d-core\src\Resources\Resource.cpp">
      <Filter>Source\NAS2D</Filter>
    </ClCompile>
    <ClCompile Include="..\..\..\nas2d-core\src\Resources\Shader.cpp">
      <Filter>Source\NAS2D</Filter>
    </ClCompile>
    <ClCompile Include="..\..\..\nas2d-core\src\Renderer\ShaderManager.cpp">
      <Filter>Source\NAS2D</Filter>
    </ClCompile>
    <ClCompile Include="..\..\..\nas2d-core\src\Resources\Sound.cpp">
      <Filter>Source\NAS2D</Filter>
    </ClCompile>
    <ClCompile Include="..\..\..\nas2d-core\src\Resources\Sprite.cpp">
      <Filter>Source\NAS2D</Filter>
    </ClCompile>
    <ClCompile Include="..\..\..\nas2d-core\src\StateManager.cpp">
      <Filter>Source\NAS2D</Filter>
    </ClCompile>
    <ClCompile Include="..\..\..\nas2d-core\src\Timer.cpp">
      <Filter>Source\NAS2D</Filter>
    </ClCompile>
    <ClCompile Include="..\..\..\nas2d-core\src\tinyxml\tinyxml.cpp">
      <Filter>Source\NAS2D</Filter>
    </ClCompile>
    <ClCompile Include="..\..\..\nas2d-core\src\tinyxml\tinyxmlerror.cpp">
      <Filter>Source\NAS2D</Filter>
    </ClCompile>
    <ClCompile Include="..\..\..\nas2d-core\src\tinyxml\tinyxmlparser.cpp">
      <Filter>Source\NAS2D</Filter>
    </ClCompile>
    <ClCompile Include="..\..\..\nas2d-core\src\Trig.cpp">
      <Filter>Source\NAS2D</Filter>
    </ClCompile>
    <ClCompile Include="..\..\..\nas2d-core\src\XmlAttributeParser.cpp">
      <Filter>Source\NAS2D</Filter>
    </ClCompile>
    <ClCompile Include="..\..\test_3\NAS2D_Test3_Blending.cpp">
      <Filter>Source</Filter>
    </ClCompile>
    <ClCompile Include="..\..\test_3\Test3State.cpp">
      <Filter>Source</Filter>
    </ClCompile>
  </ItemGroup>
  <ItemGroup>
    <ClInclude Include="resource.h">
      <Filter>Resources</Filter>
    </ClInclude>
    <ClInclude Include="..\..\..\nas2d-core\include\NAS2D\Common.h">
      <Filter>Header\NAS2D-Core</Filter>
    </ClInclude>
    <ClInclude Include="..\..\..\nas2d-core\include\NAS2D\Configuration.h">
      <Filter>Header\NAS2D-Core</Filter>
    </ClInclude>
    <ClInclude Include="..\..\..\nas2d-core\include\NAS2D\Delegate.h">
      <Filter>Header\NAS2D-Core</Filter>
    </ClInclude>
    <ClInclude Include="..\..\..\nas2d-core\include\NAS2D\Documentation.h">
      <Filter>Header\NAS2D-Core</Filter>
    </ClInclude>
    <ClInclude Include="..\..\..\nas2d-core\include\NAS2D\EventHandler.h">
      <Filter>Header\NAS2D-Core</Filter>
    </ClInclude>
    <ClInclude Include="..\..\..\nas2d-core\include\NAS2D\Exception.h">
      <Filter>Header\NAS2D-Core</Filter>
    </ClInclude>
    <ClInclude Include="..\..\..\nas2d-core\include\NAS2D\File.h">
      <Filter>Header\NAS2D-Core</Filter>
    </ClInclude>
    <ClInclude Include="..\..\..\nas2d-core\include\NAS2D\Filesystem.h">
      <Filter>Header\NAS2D-Core</Filter>
    </ClInclude>
    <ClInclude Include="..\..\..\nas2d-core\include\NAS2D\Resources\Font.h">
      <Filter>Header\NAS2D-Core</Filter>
    </ClInclude>
    <ClInclude Include="..\..\..\nas2d-core\include\NAS2D\Resources\FontInfo.h">
      <Filter>Header\NAS2D-Core</Filter>
    </ClInclude>
    <ClInclude Include="..\..\..\nas2d-core\include\NAS2D\FpsCounter.h">
      <Filter>Header\NAS2D-Core</Filter>
    </ClInclude>
    <ClInclude Include="..\..\..\nas2d-core\include\NAS2D\Game.h">
      <Filter>Header\NAS2D-Core</Filter>
    </ClInclude>
    <ClInclude Include="..\..\..\nas2d-core\include\NAS2D\Resources\Image.h">
      <Filter>Header\NAS2D-Core</Filter>
    </ClInclude>
    <ClInclude Include="..\..\..\nas2d-core\include\NAS2D\Resources\ImageInfo.h">
      <Filter>Header\NAS2D-Core</Filter>
    </ClInclude>
    <ClInclude Include="..\..\..\nas2d-core\include\NAS2D\Mixer\Mixer.h">
      <Filter>Header\NAS2D-Core</Filter>
    </ClInclude>
    <ClInclude Include="..\..\..\nas2d-core\include\NAS2D\Mixer\Mixer_SDL.h">
      <Filter>Header\NAS2D-Core</Filter>
    </ClInclude>
    <ClInclude Include="..\..\..\nas2d-core\include\NAS2D\Resources\Music.h">
      <Filter>Header\NAS2D-Core</Filter>
    </ClInclude>
    <ClInclude Include="..\..\..\nas2d-core\include\NAS2D\Resources\MusicInfo.h">
      <Filter>Header\NAS2D-Core</Filter>
    </ClInclude>
    <ClInclude Include="..\..\..\nas2d-core\include\NAS2D\NAS2D.h">
      <Filter>Header\NAS2D-Core</Filter>
    </ClInclude>
    <ClInclude Include="..\..\..\nas2d-core\include\NAS2D\Renderer\OGL_Renderer.h">
      <Filter>Header\NAS2D-Core</Filter>
    </ClInclude>
    <ClInclude Include="..\..\..\nas2d-core\include\NAS2D\Renderer\Primitives.h">
      <Filter>Header\NAS2D-Core</Filter>
    </ClInclude>
    <ClInclude Include="..\..\..\nas2d-core\include\NAS2D\Renderer\Renderer.h">
      <Filter>Header\NAS2D-Core</Filter>
    </ClInclude>
    <ClInclude Include="..\..\..\nas2d-core\include\NAS2D\Resources\Resource.h">
      <Filter>Header\NAS2D-Core</Filter>
    </ClInclude>
    <ClInclude Include="..\..\..\nas2d-core\include\NAS2D\Resources\Shader.h">
      <Filter>Header\NAS2D-Core</Filter>
    </ClInclude>
    <ClInclude Include="..\..\..\nas2d-core\include\NAS2D\Renderer\ShaderManager.h">
      <Filter>Header\NAS2D-Core</Filter>
    </ClInclude>
    <ClInclude Include="..\..\..\nas2d-core\include\NAS2D\Signal.h">
      <Filter>Header\NAS2D-Core</Filter>
    </ClInclude>
    <ClInclude Include="..\..\..\nas2d-core\include\NAS2D\Resources\Sound.h">
      <Filter>Header\NAS2D-Core</Filter>
    </ClInclude>
    <ClInclude Include="..\..\..\nas2d-core\include\NAS2D\Resources\Sprite.h">
      <Filter>Header\NAS2D-Core</Filter>
    </ClInclude>
    <ClInclude Include="..\..\..\nas2d-core\include\NAS2D\State.h">
      <Filter>Header\NAS2D-Core</Filter>
    </ClInclude>
    <ClInclude Include="..\..\..\nas2d-core\include\NAS2D\StateManager.h">
      <Filter>Header\NAS2D-Core</Filter>
    </ClInclude>
    <ClInclude Include="..\..\..\nas2d-core\include\NAS2D\Timer.h">
      <Filter>Header\NAS2D-Core</Filter>
    </ClInclude>
    <ClInclude Include="..\..\..\nas2d-core\include\NAS2D\tinyxml\tinyxml.h">
      <Filter>Header\NAS2D-Core</Filter>
    </ClInclude>
    <ClInclude Include="..\..\..\nas2d-core\include\NAS2D\Trig.h">
      <Filter>Header\NAS2D-Core</Filter>
    </ClInclude>
    <ClInclude Include="..\..\..\nas2d-core\include\NAS2D\Utility.h">
      <Filter>Header\NAS2D-Core</Filter>
    </ClInclude>
    <ClInclude Include="..\..\..\nas2d-core\include\NAS2D\XmlAttributeParser.h">
      <Filter>Header\NAS2D-Core</Filter>
    </ClInclude>
    <ClInclude Include="..\..\test_3\Test3State.h">
      <Filter>Header</Filter>
    </ClInclude>
  </ItemGroup>
  <ItemGroup>
    <Filter Include="Header">
      <UniqueIdentifier>{83412ab5-1d11-4d51-85d4-a54621998c20}</UniqueIdentifier>
    </Filter>
    <Filter Include="Source">
      <UniqueIdentifier>{8641fa41-dd73-4d03-8641-0db7eb38f763}</UniqueIdentifier>
    </Filter>
    <Filter Include="Resources">
      <UniqueIdentifier>{5aecfe9e-335e-48c4-b381-2dd2a82e3b73}</UniqueIdentifier>
    </Filter>
    <Filter Include="Header\NAS2D-Core">
      <UniqueIdentifier>{7c73bc8e-9760-4106-8a35-993ecb438ad3}</UniqueIdentifier>
    </Filter>
    <Filter Include="Source\NAS2D">
      <UniqueIdentifier>{5ff3ad4d-7697-46fa-8c75-33ca8fbd6188}</UniqueIdentifier>
    </Filter>
  </ItemGroup>
  <ItemGroup>
    <Image Include="NAS2D.ico">
      <Filter>Resources</Filter>
    </Image>
  </ItemGroup>
  <ItemGroup>
    <ResourceCompile Include="NAS2D_Test3.rc">
      <Filter>Resources</Filter>
    </ResourceCompile>
  </ItemGroup>
</Project>