<?xml version="1.0" encoding="utf-8"?>
<Project ToolsVersion="4.0" xmlns="http://schemas.microsoft.com/developer/msbuild/2003">
  <ItemGroup>
    <ClCompile Include="..\..\test_3\NAS2D_Test3_Blending.cpp">
      <Filter>Source</Filter>
    </ClCompile>
    <ClCompile Include="..\..\test_3\Test3State.cpp">
      <Filter>Source</Filter>
    </ClCompile>
    <ClCompile Include="..\..\nas2d-core\src\Mixer\Mixer.cpp">
      <Filter>Source\nas2d-core\Mixer</Filter>
    </ClCompile>
    <ClCompile Include="..\..\nas2d-core\src\Mixer\Mixer_SDL.cpp">
      <Filter>Source\nas2d-core\Mixer</Filter>
    </ClCompile>
    <ClCompile Include="..\..\nas2d-core\src\Mixer\NullMixer.cpp">
      <Filter>Source\nas2d-core\Mixer</Filter>
    </ClCompile>
    <ClCompile Include="..\..\nas2d-core\src\Renderer\OGL_Renderer.cpp">
      <Filter>Source\nas2d-core\Renderer</Filter>
    </ClCompile>
    <ClCompile Include="..\..\nas2d-core\src\Renderer\Primitives.cpp">
      <Filter>Source\nas2d-core\Renderer</Filter>
    </ClCompile>
    <ClCompile Include="..\..\nas2d-core\src\Renderer\Renderer.cpp">
      <Filter>Source\nas2d-core\Renderer</Filter>
    </ClCompile>
    <ClCompile Include="..\..\nas2d-core\src\Resources\Font.cpp">
      <Filter>Source\nas2d-core\Resources</Filter>
    </ClCompile>
    <ClCompile Include="..\..\nas2d-core\src\Resources\Image.cpp">
      <Filter>Source\nas2d-core\Resources</Filter>
    </ClCompile>
    <ClCompile Include="..\..\nas2d-core\src\Resources\Music.cpp">
      <Filter>Source\nas2d-core\Resources</Filter>
    </ClCompile>
    <ClCompile Include="..\..\nas2d-core\src\Resources\Resource.cpp">
      <Filter>Source\nas2d-core\Resources</Filter>
    </ClCompile>
    <ClCompile Include="..\..\nas2d-core\src\Resources\Sound.cpp">
      <Filter>Source\nas2d-core\Resources</Filter>
    </ClCompile>
    <ClCompile Include="..\..\nas2d-core\src\Resources\Sprite.cpp">
      <Filter>Source\nas2d-core\Resources</Filter>
    </ClCompile>
    <ClCompile Include="..\..\nas2d-core\src\Xml\XmlAttribute.cpp">
      <Filter>Source\nas2d-core\Xml</Filter>
    </ClCompile>
    <ClCompile Include="..\..\nas2d-core\src\Xml\XmlAttributeSet.cpp">
      <Filter>Source\nas2d-core\Xml</Filter>
    </ClCompile>
    <ClCompile Include="..\..\nas2d-core\src\Xml\XmlBase.cpp">
      <Filter>Source\nas2d-core\Xml</Filter>
    </ClCompile>
    <ClCompile Include="..\..\nas2d-core\src\Xml\XmlComment.cpp">
      <Filter>Source\nas2d-core\Xml</Filter>
    </ClCompile>
    <ClCompile Include="..\..\nas2d-core\src\Xml\XmlDocument.cpp">
      <Filter>Source\nas2d-core\Xml</Filter>
    </ClCompile>
    <ClCompile Include="..\..\nas2d-core\src\Xml\XmlElement.cpp">
      <Filter>Source\nas2d-core\Xml</Filter>
    </ClCompile>
    <ClCompile Include="..\..\nas2d-core\src\Xml\XmlHandle.cpp">
      <Filter>Source\nas2d-core\Xml</Filter>
    </ClCompile>
    <ClCompile Include="..\..\nas2d-core\src\Xml\XmlMemoryBuffer.cpp">
      <Filter>Source\nas2d-core\Xml</Filter>
    </ClCompile>
    <ClCompile Include="..\..\nas2d-core\src\Xml\XmlNode.cpp">
      <Filter>Source\nas2d-core\Xml</Filter>
    </ClCompile>
    <ClCompile Include="..\..\nas2d-core\src\Xml\XmlParser.cpp">
      <Filter>Source\nas2d-core\Xml</Filter>
    </ClCompile>
    <ClCompile Include="..\..\nas2d-core\src\Xml\XmlText.cpp">
      <Filter>Source\nas2d-core\Xml</Filter>
    </ClCompile>
    <ClCompile Include="..\..\nas2d-core\src\Xml\XmlUnknown.cpp">
      <Filter>Source\nas2d-core\Xml</Filter>
    </ClCompile>
    <ClCompile Include="..\..\nas2d-core\src\Common.cpp">
      <Filter>Source\nas2d-core</Filter>
    </ClCompile>
    <ClCompile Include="..\..\nas2d-core\src\Configuration.cpp">
      <Filter>Source\nas2d-core</Filter>
    </ClCompile>
    <ClCompile Include="..\..\nas2d-core\src\EventHandler.cpp">
      <Filter>Source\nas2d-core</Filter>
    </ClCompile>
    <ClCompile Include="..\..\nas2d-core\src\Exception.cpp">
      <Filter>Source\nas2d-core</Filter>
    </ClCompile>
    <ClCompile Include="..\..\nas2d-core\src\Filesystem.cpp">
      <Filter>Source\nas2d-core</Filter>
    </ClCompile>
    <ClCompile Include="..\..\nas2d-core\src\FpsCounter.cpp">
      <Filter>Source\nas2d-core</Filter>
    </ClCompile>
    <ClCompile Include="..\..\nas2d-core\src\Game.cpp">
      <Filter>Source\nas2d-core</Filter>
    </ClCompile>
    <ClCompile Include="..\..\nas2d-core\src\StateManager.cpp">
      <Filter>Source\nas2d-core</Filter>
    </ClCompile>
    <ClCompile Include="..\..\nas2d-core\src\Timer.cpp">
      <Filter>Source\nas2d-core</Filter>
    </ClCompile>
    <ClCompile Include="..\..\nas2d-core\src\Trig.cpp">
      <Filter>Source\nas2d-core</Filter>
    </ClCompile>
  </ItemGroup>
  <ItemGroup>
    <ClInclude Include="resource.h">
      <Filter>Resources</Filter>
    </ClInclude>
    <ClInclude Include="..\..\test_3\Test3State.h">
      <Filter>Header</Filter>
    </ClInclude>
    <ClInclude Include="..\..\nas2d-core\include\NAS2D\Mixer\Mixer.h">
      <Filter>Header\nas2d-core\Mixer</Filter>
    </ClInclude>
    <ClInclude Include="..\..\nas2d-core\include\NAS2D\Mixer\Mixer_SDL.h">
      <Filter>Header\nas2d-core\Mixer</Filter>
    </ClInclude>
    <ClInclude Include="..\..\nas2d-core\include\NAS2D\Mixer\NullMixer.h">
      <Filter>Header\nas2d-core\Mixer</Filter>
    </ClInclude>
    <ClInclude Include="..\..\nas2d-core\include\NAS2D\Renderer\OGL_Renderer.h">
      <Filter>Header\nas2d-core\Renderer</Filter>
    </ClInclude>
    <ClInclude Include="..\..\nas2d-core\include\NAS2D\Renderer\Primitives.h">
      <Filter>Header\nas2d-core\Renderer</Filter>
    </ClInclude>
    <ClInclude Include="..\..\nas2d-core\include\NAS2D\Renderer\Renderer.h">
      <Filter>Header\nas2d-core\Renderer</Filter>
    </ClInclude>
    <ClInclude Include="..\..\nas2d-core\include\NAS2D\Renderer\RendererNull.h">
      <Filter>Header\nas2d-core\Renderer</Filter>
    </ClInclude>
    <ClInclude Include="..\..\nas2d-core\include\NAS2D\Resources\Font.h">
      <Filter>Header\nas2d-core\Resources</Filter>
    </ClInclude>
    <ClInclude Include="..\..\nas2d-core\include\NAS2D\Resources\FontInfo.h">
      <Filter>Header\nas2d-core\Resources</Filter>
    </ClInclude>
    <ClInclude Include="..\..\nas2d-core\include\NAS2D\Resources\Image.h">
      <Filter>Header\nas2d-core\Resources</Filter>
    </ClInclude>
    <ClInclude Include="..\..\nas2d-core\include\NAS2D\Resources\ImageInfo.h">
      <Filter>Header\nas2d-core\Resources</Filter>
    </ClInclude>
    <ClInclude Include="..\..\nas2d-core\include\NAS2D\Resources\Music.h">
      <Filter>Header\nas2d-core\Resources</Filter>
    </ClInclude>
    <ClInclude Include="..\..\nas2d-core\include\NAS2D\Resources\MusicInfo.h">
      <Filter>Header\nas2d-core\Resources</Filter>
    </ClInclude>
    <ClInclude Include="..\..\nas2d-core\include\NAS2D\Resources\Resource.h">
      <Filter>Header\nas2d-core\Resources</Filter>
    </ClInclude>
    <ClInclude Include="..\..\nas2d-core\include\NAS2D\Resources\Sound.h">
      <Filter>Header\nas2d-core\Resources</Filter>
    </ClInclude>
    <ClInclude Include="..\..\nas2d-core\include\NAS2D\Resources\Sprite.h">
      <Filter>Header\nas2d-core\Resources</Filter>
    </ClInclude>
    <ClInclude Include="..\..\nas2d-core\include\NAS2D\Xml\Xml.h">
      <Filter>Header\nas2d-core\Xml</Filter>
    </ClInclude>
    <ClInclude Include="..\..\nas2d-core\include\NAS2D\Xml\XmlAttribute.h">
      <Filter>Header\nas2d-core\Xml</Filter>
    </ClInclude>
    <ClInclude Include="..\..\nas2d-core\include\NAS2D\Xml\XmlAttributeSet.h">
      <Filter>Header\nas2d-core\Xml</Filter>
    </ClInclude>
    <ClInclude Include="..\..\nas2d-core\include\NAS2D\Xml\XmlBase.h">
      <Filter>Header\nas2d-core\Xml</Filter>
    </ClInclude>
    <ClInclude Include="..\..\nas2d-core\include\NAS2D\Xml\XmlComment.h">
      <Filter>Header\nas2d-core\Xml</Filter>
    </ClInclude>
    <ClInclude Include="..\..\nas2d-core\include\NAS2D\Xml\XmlDocument.h">
      <Filter>Header\nas2d-core\Xml</Filter>
    </ClInclude>
    <ClInclude Include="..\..\nas2d-core\include\NAS2D\Xml\XmlElement.h">
      <Filter>Header\nas2d-core\Xml</Filter>
    </ClInclude>
    <ClInclude Include="..\..\nas2d-core\include\NAS2D\Xml\XmlHandle.h">
      <Filter>Header\nas2d-core\Xml</Filter>
    </ClInclude>
    <ClInclude Include="..\..\nas2d-core\include\NAS2D\Xml\XmlMemoryBuffer.h">
      <Filter>Header\nas2d-core\Xml</Filter>
    </ClInclude>
    <ClInclude Include="..\..\nas2d-core\include\NAS2D\Xml\XmlNode.h">
      <Filter>Header\nas2d-core\Xml</Filter>
    </ClInclude>
    <ClInclude Include="..\..\nas2d-core\include\NAS2D\Xml\XmlText.h">
      <Filter>Header\nas2d-core\Xml</Filter>
    </ClInclude>
    <ClInclude Include="..\..\nas2d-core\include\NAS2D\Xml\XmlUnknown.h">
      <Filter>Header\nas2d-core\Xml</Filter>
    </ClInclude>
    <ClInclude Include="..\..\nas2d-core\include\NAS2D\Xml\XmlVisitor.h">
      <Filter>Header\nas2d-core\Xml</Filter>
    </ClInclude>
    <ClInclude Include="..\..\nas2d-core\include\NAS2D\Common.h">
      <Filter>Header\nas2d-core</Filter>
    </ClInclude>
    <ClInclude Include="..\..\nas2d-core\include\NAS2D\Configuration.h">
      <Filter>Header\nas2d-core</Filter>
    </ClInclude>
    <ClInclude Include="..\..\nas2d-core\include\NAS2D\Delegate.h">
      <Filter>Header\nas2d-core</Filter>
    </ClInclude>
    <ClInclude Include="..\..\nas2d-core\include\NAS2D\Documentation.h">
      <Filter>Header\nas2d-core</Filter>
    </ClInclude>
    <ClInclude Include="..\..\nas2d-core\include\NAS2D\EventHandler.h">
      <Filter>Header\nas2d-core</Filter>
    </ClInclude>
    <ClInclude Include="..\..\nas2d-core\include\NAS2D\Exception.h">
      <Filter>Header\nas2d-core</Filter>
    </ClInclude>
    <ClInclude Include="..\..\nas2d-core\include\NAS2D\File.h">
      <Filter>Header\nas2d-core</Filter>
    </ClInclude>
    <ClInclude Include="..\..\nas2d-core\include\NAS2D\Filesystem.h">
      <Filter>Header\nas2d-core</Filter>
    </ClInclude>
    <ClInclude Include="..\..\nas2d-core\include\NAS2D\FpsCounter.h">
      <Filter>Header\nas2d-core</Filter>
    </ClInclude>
    <ClInclude Include="..\..\nas2d-core\include\NAS2D\Game.h">
      <Filter>Header\nas2d-core</Filter>
    </ClInclude>
    <ClInclude Include="..\..\nas2d-core\include\NAS2D\NAS2D.h">
      <Filter>Header\nas2d-core</Filter>
    </ClInclude>
    <ClInclude Include="..\..\nas2d-core\include\NAS2D\Signal.h">
      <Filter>Header\nas2d-core</Filter>
    </ClInclude>
    <ClInclude Include="..\..\nas2d-core\include\NAS2D\State.h">
      <Filter>Header\nas2d-core</Filter>
    </ClInclude>
    <ClInclude Include="..\..\nas2d-core\include\NAS2D\StateManager.h">
      <Filter>Header\nas2d-core</Filter>
    </ClInclude>
    <ClInclude Include="..\..\nas2d-core\include\NAS2D\Timer.h">
      <Filter>Header\nas2d-core</Filter>
    </ClInclude>
    <ClInclude Include="..\..\nas2d-core\include\NAS2D\Trig.h">
      <Filter>Header\nas2d-core</Filter>
    </ClInclude>
    <ClInclude Include="..\..\nas2d-core\include\NAS2D\Utility.h">
      <Filter>Header\nas2d-core</Filter>
    </ClInclude>
  </ItemGroup>
  <ItemGroup>
    <Filter Include="Header">
      <UniqueIdentifier>{83412ab5-1d11-4d51-85d4-a54621998c20}</UniqueIdentifier>
    </Filter>
    <Filter Include="Source">
      <UniqueIdentifier>{8641fa41-dd73-4d03-8641-0db7eb38f763}</UniqueIdentifier>
    </Filter>
    <Filter Include="Resources">
      <UniqueIdentifier>{5aecfe9e-335e-48c4-b381-2dd2a82e3b73}</UniqueIdentifier>
    </Filter>
    <Filter Include="Header\nas2d-core">
      <UniqueIdentifier>{7c73bc8e-9760-4106-8a35-993ecb438ad3}</UniqueIdentifier>
    </Filter>
    <Filter Include="Header\nas2d-core\Xml">
      <UniqueIdentifier>{1d0b614d-cd22-4d51-aa7a-d03bce7abca1}</UniqueIdentifier>
    </Filter>
    <Filter Include="Header\nas2d-core\Renderer">
      <UniqueIdentifier>{8d3ec17b-17e6-4206-964c-762a46b2cfd6}</UniqueIdentifier>
    </Filter>
    <Filter Include="Header\nas2d-core\Resources">
      <UniqueIdentifier>{ff373b1c-a8d5-4fdb-85e0-76dce240845c}</UniqueIdentifier>
    </Filter>
    <Filter Include="Header\nas2d-core\Mixer">
      <UniqueIdentifier>{b1f1209f-0af0-407f-9569-f310d8e91e01}</UniqueIdentifier>
    </Filter>
    <Filter Include="Source\nas2d-core">
      <UniqueIdentifier>{5ff3ad4d-7697-46fa-8c75-33ca8fbd6188}</UniqueIdentifier>
    </Filter>
    <Filter Include="Source\nas2d-core\Xml">
      <UniqueIdentifier>{c1e622b8-be32-4b0c-a243-623005b261be}</UniqueIdentifier>
    </Filter>
    <Filter Include="Source\nas2d-core\Renderer">
      <UniqueIdentifier>{592dfd46-59a5-45c8-9d55-8aca8b04ddf6}</UniqueIdentifier>
    </Filter>
    <Filter Include="Source\nas2d-core\Resources">
      <UniqueIdentifier>{0f1fcd18-cbfd-45f0-80d6-c7723b45593d}</UniqueIdentifier>
    </Filter>
    <Filter Include="Source\nas2d-core\Mixer">
      <UniqueIdentifier>{c7cab7f0-46cc-4621-821b-62716bef4c17}</UniqueIdentifier>
    </Filter>
  </ItemGroup>
  <ItemGroup>
    <Image Include="NAS2D.ico">
      <Filter>Resources</Filter>
    </Image>
  </ItemGroup>
  <ItemGroup>
    <ResourceCompile Include="NAS2D_Test3.rc">
      <Filter>Resources</Filter>
    </ResourceCompile>
  </ItemGroup>
  <ItemGroup>
    <None Include="packages.config" />
  </ItemGroup>
</Project>